
Microsoft Visual Studio Solution File, Format Version 12.00
# Visual Studio Version 17
VisualStudioVersion = 17.12.35527.113
MinimumVisualStudioVersion = 10.0.40219.1
Project("{FAE04EC0-301F-11D3-BF4B-00C04F79EFBC}") = "Customer.WebApi", "Microservice_customer\Customer.WebApi.csproj", "{7C5A44B4-C0ED-4F07-86AA-20CA486ACE54}"
EndProject
Project("{FAE04EC0-301F-11D3-BF4B-00C04F79EFBC}") = "Customer.Domain", "Customer.Domain\Customer.Domain.csproj", "{36A51CAC-F67D-4D7B-A780-BD0C3A681BF0}"
EndProject
Project("{FAE04EC0-301F-11D3-BF4B-00C04F79EFBC}") = "Customer.infrastructure", "Customer.infrastructure\Customer.infrastructure.csproj", "{D40A819F-4B32-4A28-9F71-4EFF51381043}"
EndProject
Project("{FAE04EC0-301F-11D3-BF4B-00C04F79EFBC}") = "Customer.Application", "Customer.Application\Customer.Application.csproj", "{5B705F11-C621-450D-96F6-99A8D7852C37}"
EndProject
Project("{FAE04EC0-301F-11D3-BF4B-00C04F79EFBC}") = "API Gateway", "API Gateway\API Gateway.csproj", "{EAD24C75-F899-4A9F-B314-9C6F70557CFA}"
EndProject
Global
	GlobalSection(SolutionConfigurationPlatforms) = preSolution
		Debug|Any CPU = Debug|Any CPU
		Release|Any CPU = Release|Any CPU
	EndGlobalSection
	GlobalSection(ProjectConfigurationPlatforms) = postSolution
		{7C5A44B4-C0ED-4F07-86AA-20CA486ACE54}.Debug|Any CPU.ActiveCfg = Debug|Any CPU
		{7C5A44B4-C0ED-4F07-86AA-20CA486ACE54}.Debug|Any CPU.Build.0 = Debug|Any CPU
		{7C5A44B4-C0ED-4F07-86AA-20CA486ACE54}.Release|Any CPU.ActiveCfg = Release|Any CPU
		{7C5A44B4-C0ED-4F07-86AA-20CA486ACE54}.Release|Any CPU.Build.0 = Release|Any CPU
		{36A51CAC-F67D-4D7B-A780-BD0C3A681BF0}.Debug|Any CPU.ActiveCfg = Debug|Any CPU
		{36A51CAC-F67D-4D7B-A780-BD0C3A681BF0}.Debug|Any CPU.Build.0 = Debug|Any CPU
		{36A51CAC-F67D-4D7B-A780-BD0C3A681BF0}.Release|Any CPU.ActiveCfg = Release|Any CPU
		{36A51CAC-F67D-4D7B-A780-BD0C3A681BF0}.Release|Any CPU.Build.0 = Release|Any CPU
		{D40A819F-4B32-4A28-9F71-4EFF51381043}.Debug|Any CPU.ActiveCfg = Debug|Any CPU
		{D40A819F-4B32-4A28-9F71-4EFF51381043}.Debug|Any CPU.Build.0 = Debug|Any CPU
		{D40A819F-4B32-4A28-9F71-4EFF51381043}.Release|Any CPU.ActiveCfg = Release|Any CPU
		{D40A819F-4B32-4A28-9F71-4EFF51381043}.Release|Any CPU.Build.0 = Release|Any CPU
		{5B705F11-C621-450D-96F6-99A8D7852C37}.Debug|Any CPU.ActiveCfg = Debug|Any CPU
		{5B705F11-C621-450D-96F6-99A8D7852C37}.Debug|Any CPU.Build.0 = Debug|Any CPU
		{5B705F11-C621-450D-96F6-99A8D7852C37}.Release|Any CPU.ActiveCfg = Release|Any CPU
		{5B705F11-C621-450D-96F6-99A8D7852C37}.Release|Any CPU.Build.0 = Release|Any CPU
		{EAD24C75-F899-4A9F-B314-9C6F70557CFA}.Debug|Any CPU.ActiveCfg = Debug|Any CPU
		{EAD24C75-F899-4A9F-B314-9C6F70557CFA}.Debug|Any CPU.Build.0 = Debug|Any CPU
		{EAD24C75-F899-4A9F-B314-9C6F70557CFA}.Release|Any CPU.ActiveCfg = Release|Any CPU
		{EAD24C75-F899-4A9F-B314-9C6F70557CFA}.Release|Any CPU.Build.0 = Release|Any CPU
	EndGlobalSection
	GlobalSection(SolutionProperties) = preSolution
		HideSolutionNode = FALSE
	EndGlobalSection
EndGlobal
