
Microsoft Visual Studio Solution File, Format Version 12.00
# Visual Studio Version 17
VisualStudioVersion = 17.12.35527.113
MinimumVisualStudioVersion = 10.0.40219.1
Project("{FAE04EC0-301F-11D3-BF4B-00C04F79EFBC}") = "User.WebApi", "Microservice_User\User.WebApi.csproj", "{7C5A44B4-C0ED-4F07-86AA-20CA486ACE54}"
EndProject
Project("{FAE04EC0-301F-11D3-BF4B-00C04F79EFBC}") = "User.Domain", "User.Domain\User.Domain.csproj", "{36A51CAC-F67D-4D7B-A780-BD0C3A681BF0}"
EndProject
Project("{FAE04EC0-301F-11D3-BF4B-00C04F79EFBC}") = "User.infrastructure", "User.infrastructure\User.infrastructure.csproj", "{D40A819F-4B32-4A28-9F71-4EFF51381043}"
EndProject
Project("{FAE04EC0-301F-11D3-BF4B-00C04F79EFBC}") = "User.Application", "User.Application\User.Application.csproj", "{5B705F11-C621-450D-96F6-99A8D7852C37}"
EndProject
Project("{FAE04EC0-301F-11D3-BF4B-00C04F79EFBC}") = "API Gateway", "API Gateway\API Gateway.csproj", "{EAD24C75-F899-4A9F-B314-9C6F70557CFA}"
EndProject
Project("{FAE04EC0-301F-11D3-BF4B-00C04F79EFBC}") = "ApiAuthentication", "ApiAuthentication\ApiAuthentication.csproj", "{6F9B2C35-D911-46D8-A182-8FEB17E860FA}"
EndProject
Project("{2150E333-8FDC-42A3-9474-1A3956D46DE8}") = "API_Gateway", "API_Gateway", "{ACBCAFA2-3F54-444F-B9AE-F5B8957F477E}"
EndProject
Project("{2150E333-8FDC-42A3-9474-1A3956D46DE8}") = "API_Authentication", "API_Authentication", "{3FC7FBD0-1634-4757-93B3-0E71154FF622}"
EndProject
Project("{2150E333-8FDC-42A3-9474-1A3956D46DE8}") = "User.WebAPI", "User.WebAPI", "{11DB4000-8EC7-4F3A-98E2-CBA19C77AEBF}"
EndProject
Project("{FAE04EC0-301F-11D3-BF4B-00C04F79EFBC}") = "User.Test", "User.Test\User.Test.csproj", "{B6FE2F57-0B18-4474-82EE-10788A46454C}"
EndProject
Project("{2150E333-8FDC-42A3-9474-1A3956D46DE8}") = "Unit Testing", "Unit Testing", "{62393333-6D4D-4562-BF16-EA84C75AE225}"
EndProject
Project("{FAE04EC0-301F-11D3-BF4B-00C04F79EFBC}") = "User.Services", "User.Services\User.Services.csproj", "{EAB31BD9-3B8B-490E-A53F-2AF67DF519F6}"
EndProject
Global
	GlobalSection(SolutionConfigurationPlatforms) = preSolution
		Debug|Any CPU = Debug|Any CPU
		Release|Any CPU = Release|Any CPU
	EndGlobalSection
	GlobalSection(ProjectConfigurationPlatforms) = postSolution
		{7C5A44B4-C0ED-4F07-86AA-20CA486ACE54}.Debug|Any CPU.ActiveCfg = Debug|Any CPU
		{7C5A44B4-C0ED-4F07-86AA-20CA486ACE54}.Debug|Any CPU.Build.0 = Debug|Any CPU
		{7C5A44B4-C0ED-4F07-86AA-20CA486ACE54}.Release|Any CPU.ActiveCfg = Release|Any CPU
		{7C5A44B4-C0ED-4F07-86AA-20CA486ACE54}.Release|Any CPU.Build.0 = Release|Any CPU
		{36A51CAC-F67D-4D7B-A780-BD0C3A681BF0}.Debug|Any CPU.ActiveCfg = Debug|Any CPU
		{36A51CAC-F67D-4D7B-A780-BD0C3A681BF0}.Debug|Any CPU.Build.0 = Debug|Any CPU
		{36A51CAC-F67D-4D7B-A780-BD0C3A681BF0}.Release|Any CPU.ActiveCfg = Release|Any CPU
		{36A51CAC-F67D-4D7B-A780-BD0C3A681BF0}.Release|Any CPU.Build.0 = Release|Any CPU
		{D40A819F-4B32-4A28-9F71-4EFF51381043}.Debug|Any CPU.ActiveCfg = Debug|Any CPU
		{D40A819F-4B32-4A28-9F71-4EFF51381043}.Debug|Any CPU.Build.0 = Debug|Any CPU
		{D40A819F-4B32-4A28-9F71-4EFF51381043}.Release|Any CPU.ActiveCfg = Release|Any CPU
		{D40A819F-4B32-4A28-9F71-4EFF51381043}.Release|Any CPU.Build.0 = Release|Any CPU
		{5B705F11-C621-450D-96F6-99A8D7852C37}.Debug|Any CPU.ActiveCfg = Debug|Any CPU
		{5B705F11-C621-450D-96F6-99A8D7852C37}.Debug|Any CPU.Build.0 = Debug|Any CPU
		{5B705F11-C621-450D-96F6-99A8D7852C37}.Release|Any CPU.ActiveCfg = Release|Any CPU
		{5B705F11-C621-450D-96F6-99A8D7852C37}.Release|Any CPU.Build.0 = Release|Any CPU
		{EAD24C75-F899-4A9F-B314-9C6F70557CFA}.Debug|Any CPU.ActiveCfg = Debug|Any CPU
		{EAD24C75-F899-4A9F-B314-9C6F70557CFA}.Debug|Any CPU.Build.0 = Debug|Any CPU
		{EAD24C75-F899-4A9F-B314-9C6F70557CFA}.Release|Any CPU.ActiveCfg = Release|Any CPU
		{EAD24C75-F899-4A9F-B314-9C6F70557CFA}.Release|Any CPU.Build.0 = Release|Any CPU
		{6F9B2C35-D911-46D8-A182-8FEB17E860FA}.Debug|Any CPU.ActiveCfg = Debug|Any CPU
		{6F9B2C35-D911-46D8-A182-8FEB17E860FA}.Debug|Any CPU.Build.0 = Debug|Any CPU
		{6F9B2C35-D911-46D8-A182-8FEB17E860FA}.Release|Any CPU.ActiveCfg = Release|Any CPU
		{6F9B2C35-D911-46D8-A182-8FEB17E860FA}.Release|Any CPU.Build.0 = Release|Any CPU
		{B6FE2F57-0B18-4474-82EE-10788A46454C}.Debug|Any CPU.ActiveCfg = Debug|Any CPU
		{B6FE2F57-0B18-4474-82EE-10788A46454C}.Debug|Any CPU.Build.0 = Debug|Any CPU
		{B6FE2F57-0B18-4474-82EE-10788A46454C}.Release|Any CPU.ActiveCfg = Release|Any CPU
		{B6FE2F57-0B18-4474-82EE-10788A46454C}.Release|Any CPU.Build.0 = Release|Any CPU
		{EAB31BD9-3B8B-490E-A53F-2AF67DF519F6}.Debug|Any CPU.ActiveCfg = Debug|Any CPU
		{EAB31BD9-3B8B-490E-A53F-2AF67DF519F6}.Debug|Any CPU.Build.0 = Debug|Any CPU
		{EAB31BD9-3B8B-490E-A53F-2AF67DF519F6}.Release|Any CPU.ActiveCfg = Release|Any CPU
		{EAB31BD9-3B8B-490E-A53F-2AF67DF519F6}.Release|Any CPU.Build.0 = Release|Any CPU
	EndGlobalSection
	GlobalSection(SolutionProperties) = preSolution
		HideSolutionNode = FALSE
	EndGlobalSection
	GlobalSection(NestedProjects) = preSolution
		{7C5A44B4-C0ED-4F07-86AA-20CA486ACE54} = {11DB4000-8EC7-4F3A-98E2-CBA19C77AEBF}
		{36A51CAC-F67D-4D7B-A780-BD0C3A681BF0} = {11DB4000-8EC7-4F3A-98E2-CBA19C77AEBF}
		{D40A819F-4B32-4A28-9F71-4EFF51381043} = {11DB4000-8EC7-4F3A-98E2-CBA19C77AEBF}
		{5B705F11-C621-450D-96F6-99A8D7852C37} = {11DB4000-8EC7-4F3A-98E2-CBA19C77AEBF}
		{EAD24C75-F899-4A9F-B314-9C6F70557CFA} = {ACBCAFA2-3F54-444F-B9AE-F5B8957F477E}
		{6F9B2C35-D911-46D8-A182-8FEB17E860FA} = {3FC7FBD0-1634-4757-93B3-0E71154FF622}
		{B6FE2F57-0B18-4474-82EE-10788A46454C} = {62393333-6D4D-4562-BF16-EA84C75AE225}
		{EAB31BD9-3B8B-490E-A53F-2AF67DF519F6} = {11DB4000-8EC7-4F3A-98E2-CBA19C77AEBF}
	EndGlobalSection
EndGlobal
